
Microsoft Visual Studio Solution File, Format Version 12.00
Project("{FAE04EC0-301F-11D3-BF4B-00C04F79EFBC}") = "mcfunctionext", "mcfunctionext.csproj", "{916492D3-C9C8-410E-A621-CB661A7A7938}"
EndProject
Global
	GlobalSection(SolutionConfigurationPlatforms) = preSolution
		Debug|Any CPU = Debug|Any CPU
		Release|Any CPU = Release|Any CPU
	EndGlobalSection
	GlobalSection(ProjectConfigurationPlatforms) = postSolution
		{916492D3-C9C8-410E-A621-CB661A7A7938}.Debug|Any CPU.ActiveCfg = Debug|Any CPU
		{916492D3-C9C8-410E-A621-CB661A7A7938}.Debug|Any CPU.Build.0 = Debug|Any CPU
		{916492D3-C9C8-410E-A621-CB661A7A7938}.Release|Any CPU.ActiveCfg = Release|Any CPU
		{916492D3-C9C8-410E-A621-CB661A7A7938}.Release|Any CPU.Build.0 = Release|Any CPU
	EndGlobalSection
EndGlobal
